// !$*UTF8*$!
{
	archiveVersion = 1;
	classes = {
	};
	objectVersion = 46;
	objects = {

/* Begin PBXBuildFile section */
		6C1C9A8A18FD874C000A80FB /* MyAccountViewController.m in Sources */ = {isa = PBXBuildFile; fileRef = 6C1C9A8918FD874C000A80FB /* MyAccountViewController.m */; };
		6C1EA05C19055E2900A82530 /* GoogleMaps.bundle in Resources */ = {isa = PBXBuildFile; fileRef = 6C1EA05B19055E2900A82530 /* GoogleMaps.bundle */; };
		6C22B13E190716740094F4A1 /* MapViewController.m in Sources */ = {isa = PBXBuildFile; fileRef = 6C22B13D190716740094F4A1 /* MapViewController.m */; };
		6C2538BD190023E0009E7386 /* AVFoundation.framework in Frameworks */ = {isa = PBXBuildFile; fileRef = 6C2538BC190023E0009E7386 /* AVFoundation.framework */; };
		6C2538BF190023EA009E7386 /* CoreData.framework in Frameworks */ = {isa = PBXBuildFile; fileRef = 6C2538BE190023E9009E7386 /* CoreData.framework */; };
		6C2538C119002400009E7386 /* CoreText.framework in Frameworks */ = {isa = PBXBuildFile; fileRef = 6C2538C019002400009E7386 /* CoreText.framework */; };
		6C2538C31900240C009E7386 /* GLKit.framework in Frameworks */ = {isa = PBXBuildFile; fileRef = 6C2538C21900240C009E7386 /* GLKit.framework */; };
		6C2538C51900241B009E7386 /* ImageIO.framework in Frameworks */ = {isa = PBXBuildFile; fileRef = 6C2538C41900241B009E7386 /* ImageIO.framework */; };
		6C2538C91900243D009E7386 /* libicucore.dylib in Frameworks */ = {isa = PBXBuildFile; fileRef = 6C2538C81900243D009E7386 /* libicucore.dylib */; };
		6C2538CB1900244F009E7386 /* OpenGLES.framework in Frameworks */ = {isa = PBXBuildFile; fileRef = 6C2538CA1900244F009E7386 /* OpenGLES.framework */; };
		6C2663B818F87E910004373D /* Ofertas.m in Sources */ = {isa = PBXBuildFile; fileRef = 6C2663B718F87E910004373D /* Ofertas.m */; };
		6C2663BA18F881460004373D /* CoreLocation.framework in Frameworks */ = {isa = PBXBuildFile; fileRef = 6C2663B918F881460004373D /* CoreLocation.framework */; };
		6C2663C018F883C20004373D /* AudioToolbox.framework in Frameworks */ = {isa = PBXBuildFile; fileRef = 6C2663BF18F883C20004373D /* AudioToolbox.framework */; };
		6C2663C218F883D10004373D /* CFNetwork.framework in Frameworks */ = {isa = PBXBuildFile; fileRef = 6C2663C118F883D10004373D /* CFNetwork.framework */; };
		6C2663C418F884040004373D /* libz.dylib in Frameworks */ = {isa = PBXBuildFile; fileRef = 6C2663C318F884040004373D /* libz.dylib */; };
		6C2663C618F8840F0004373D /* MobileCoreServices.framework in Frameworks */ = {isa = PBXBuildFile; fileRef = 6C2663C518F8840F0004373D /* MobileCoreServices.framework */; };
		6C2663C818F8841B0004373D /* QuartzCore.framework in Frameworks */ = {isa = PBXBuildFile; fileRef = 6C2663C718F8841B0004373D /* QuartzCore.framework */; };
		6C2663CA18F884270004373D /* Security.framework in Frameworks */ = {isa = PBXBuildFile; fileRef = 6C2663C918F884270004373D /* Security.framework */; };
		6C2663CC18F884310004373D /* StoreKit.framework in Frameworks */ = {isa = PBXBuildFile; fileRef = 6C2663CB18F884310004373D /* StoreKit.framework */; };
		6C2663CE18F8843E0004373D /* SystemConfiguration.framework in Frameworks */ = {isa = PBXBuildFile; fileRef = 6C2663CD18F8843E0004373D /* SystemConfiguration.framework */; };
		6C2663D118F885090004373D /* HomeViewController.m in Sources */ = {isa = PBXBuildFile; fileRef = 6C2663D018F885090004373D /* HomeViewController.m */; };
		6C28B02F18F83F4C00B3EC49 /* CadastroViewController.m in Sources */ = {isa = PBXBuildFile; fileRef = 6C28B02E18F83F4C00B3EC49 /* CadastroViewController.m */; };
		6C28B03218F83FB000B3EC49 /* TelaInicialViewController.m in Sources */ = {isa = PBXBuildFile; fileRef = 6C28B03118F83FB000B3EC49 /* TelaInicialViewController.m */; };
		6C28B03518F8411300B3EC49 /* LoginViewController.m in Sources */ = {isa = PBXBuildFile; fileRef = 6C28B03418F8411300B3EC49 /* LoginViewController.m */; };
		6C3248C018EDBF2A00F7FE8C /* Foundation.framework in Frameworks */ = {isa = PBXBuildFile; fileRef = 6C3248BF18EDBF2A00F7FE8C /* Foundation.framework */; };
		6C3248C218EDBF2A00F7FE8C /* CoreGraphics.framework in Frameworks */ = {isa = PBXBuildFile; fileRef = 6C3248C118EDBF2A00F7FE8C /* CoreGraphics.framework */; };
		6C3248C418EDBF2A00F7FE8C /* UIKit.framework in Frameworks */ = {isa = PBXBuildFile; fileRef = 6C3248C318EDBF2A00F7FE8C /* UIKit.framework */; };
		6C3248CA18EDBF2A00F7FE8C /* InfoPlist.strings in Resources */ = {isa = PBXBuildFile; fileRef = 6C3248C818EDBF2A00F7FE8C /* InfoPlist.strings */; };
		6C3248CC18EDBF2A00F7FE8C /* main.m in Sources */ = {isa = PBXBuildFile; fileRef = 6C3248CB18EDBF2A00F7FE8C /* main.m */; };
		6C3248D018EDBF2A00F7FE8C /* AppDelegate.m in Sources */ = {isa = PBXBuildFile; fileRef = 6C3248CF18EDBF2A00F7FE8C /* AppDelegate.m */; };
		6C3248D318EDBF2A00F7FE8C /* Main_iPhone.storyboard in Resources */ = {isa = PBXBuildFile; fileRef = 6C3248D118EDBF2A00F7FE8C /* Main_iPhone.storyboard */; };
		6C3248D618EDBF2A00F7FE8C /* Main_iPad.storyboard in Resources */ = {isa = PBXBuildFile; fileRef = 6C3248D418EDBF2A00F7FE8C /* Main_iPad.storyboard */; };
		6C3248DB18EDBF2A00F7FE8C /* Images.xcassets in Resources */ = {isa = PBXBuildFile; fileRef = 6C3248DA18EDBF2A00F7FE8C /* Images.xcassets */; };
		6C3248E218EDBF2A00F7FE8C /* XCTest.framework in Frameworks */ = {isa = PBXBuildFile; fileRef = 6C3248E118EDBF2A00F7FE8C /* XCTest.framework */; };
		6C3248E318EDBF2A00F7FE8C /* Foundation.framework in Frameworks */ = {isa = PBXBuildFile; fileRef = 6C3248BF18EDBF2A00F7FE8C /* Foundation.framework */; };
		6C3248E418EDBF2A00F7FE8C /* UIKit.framework in Frameworks */ = {isa = PBXBuildFile; fileRef = 6C3248C318EDBF2A00F7FE8C /* UIKit.framework */; };
		6C3248EC18EDBF2A00F7FE8C /* InfoPlist.strings in Resources */ = {isa = PBXBuildFile; fileRef = 6C3248EA18EDBF2A00F7FE8C /* InfoPlist.strings */; };
		6C3248EE18EDBF2A00F7FE8C /* tenhoDescontoTests.m in Sources */ = {isa = PBXBuildFile; fileRef = 6C3248ED18EDBF2A00F7FE8C /* tenhoDescontoTests.m */; };
		6C37BD1B18F736010096D8E3 /* Users.m in Sources */ = {isa = PBXBuildFile; fileRef = 6C37BD1A18F736010096D8E3 /* Users.m */; };
		6C54CA561A1EA422002671B3 /* DealsListViewController.m in Sources */ = {isa = PBXBuildFile; fileRef = 6C54CA551A1EA422002671B3 /* DealsListViewController.m */; };
		6C702AF919017A03000FB43A /* GoogleMaps.framework in Frameworks */ = {isa = PBXBuildFile; fileRef = 6C702AF819017A03000FB43A /* GoogleMaps.framework */; };
		6C702AFA19018E2B000FB43A /* libc++.dylib in Frameworks */ = {isa = PBXBuildFile; fileRef = 6C2538C61900242E009E7386 /* libc++.dylib */; };
		6C702AFE19018F66000FB43A /* MapKit.framework in Frameworks */ = {isa = PBXBuildFile; fileRef = 6C702AFD19018F66000FB43A /* MapKit.framework */; };
		6C79EEDC18F44A3A00C8DA24 /* Cartoes.m in Sources */ = {isa = PBXBuildFile; fileRef = 6C79EEDB18F44A3A00C8DA24 /* Cartoes.m */; };
		6C79EEDF18F44A7300C8DA24 /* CartoesTableViewController.m in Sources */ = {isa = PBXBuildFile; fileRef = 6C79EEDE18F44A7300C8DA24 /* CartoesTableViewController.m */; };
		6C7FA0F11A154DF600E8E298 /* CategoryViewController.m in Sources */ = {isa = PBXBuildFile; fileRef = 6C7FA0F01A154DF600E8E298 /* CategoryViewController.m */; };
		6CA6030219DF7F3100A09EAC /* Parse.framework in Frameworks */ = {isa = PBXBuildFile; fileRef = 6CA6030119DF7F3100A09EAC /* Parse.framework */; };
		6CA6030419DF7F4100A09EAC /* Bolts.framework in Frameworks */ = {isa = PBXBuildFile; fileRef = 6CA6030319DF7F4100A09EAC /* Bolts.framework */; };
		6CF14D461A12A88200F2A4BD /* OfferViewController.m in Sources */ = {isa = PBXBuildFile; fileRef = 6CF14D451A12A88200F2A4BD /* OfferViewController.m */; };
/* End PBXBuildFile section */

/* Begin PBXContainerItemProxy section */
		6C3248E518EDBF2A00F7FE8C /* PBXContainerItemProxy */ = {
			isa = PBXContainerItemProxy;
			containerPortal = 6C3248B418EDBF2A00F7FE8C /* Project object */;
			proxyType = 1;
			remoteGlobalIDString = 6C3248BB18EDBF2A00F7FE8C;
			remoteInfo = tenhoDesconto;
		};
/* End PBXContainerItemProxy section */

/* Begin PBXFileReference section */
		6C1C9A8818FD874C000A80FB /* MyAccountViewController.h */ = {isa = PBXFileReference; fileEncoding = 4; lastKnownFileType = sourcecode.c.h; path = MyAccountViewController.h; sourceTree = "<group>"; };
		6C1C9A8918FD874C000A80FB /* MyAccountViewController.m */ = {isa = PBXFileReference; fileEncoding = 4; lastKnownFileType = sourcecode.c.objc; path = MyAccountViewController.m; sourceTree = "<group>"; };
		6C1EA05B19055E2900A82530 /* GoogleMaps.bundle */ = {isa = PBXFileReference; lastKnownFileType = "wrapper.plug-in"; name = GoogleMaps.bundle; path = "GoogleMaps-iOS-1.7.2/GoogleMaps.framework/Versions/A/Resources/GoogleMaps.bundle"; sourceTree = "<group>"; };
		6C22B13C190716740094F4A1 /* MapViewController.h */ = {isa = PBXFileReference; fileEncoding = 4; lastKnownFileType = sourcecode.c.h; path = MapViewController.h; sourceTree = "<group>"; };
		6C22B13D190716740094F4A1 /* MapViewController.m */ = {isa = PBXFileReference; fileEncoding = 4; lastKnownFileType = sourcecode.c.objc; path = MapViewController.m; sourceTree = "<group>"; };
		6C2538B819002326009E7386 /* GoogleMaps.framework */ = {isa = PBXFileReference; lastKnownFileType = wrapper.framework; name = GoogleMaps.framework; path = "GoogleMaps-iOS-1.7.2/GoogleMaps.framework"; sourceTree = "<group>"; };
		6C2538BC190023E0009E7386 /* AVFoundation.framework */ = {isa = PBXFileReference; lastKnownFileType = wrapper.framework; name = AVFoundation.framework; path = System/Library/Frameworks/AVFoundation.framework; sourceTree = SDKROOT; };
		6C2538BE190023E9009E7386 /* CoreData.framework */ = {isa = PBXFileReference; lastKnownFileType = wrapper.framework; name = CoreData.framework; path = System/Library/Frameworks/CoreData.framework; sourceTree = SDKROOT; };
		6C2538C019002400009E7386 /* CoreText.framework */ = {isa = PBXFileReference; lastKnownFileType = wrapper.framework; name = CoreText.framework; path = System/Library/Frameworks/CoreText.framework; sourceTree = SDKROOT; };
		6C2538C21900240C009E7386 /* GLKit.framework */ = {isa = PBXFileReference; lastKnownFileType = wrapper.framework; name = GLKit.framework; path = System/Library/Frameworks/GLKit.framework; sourceTree = SDKROOT; };
		6C2538C41900241B009E7386 /* ImageIO.framework */ = {isa = PBXFileReference; lastKnownFileType = wrapper.framework; name = ImageIO.framework; path = System/Library/Frameworks/ImageIO.framework; sourceTree = SDKROOT; };
		6C2538C61900242E009E7386 /* libc++.dylib */ = {isa = PBXFileReference; lastKnownFileType = "compiled.mach-o.dylib"; name = "libc++.dylib"; path = "usr/lib/libc++.dylib"; sourceTree = SDKROOT; };
		6C2538C81900243D009E7386 /* libicucore.dylib */ = {isa = PBXFileReference; lastKnownFileType = "compiled.mach-o.dylib"; name = libicucore.dylib; path = usr/lib/libicucore.dylib; sourceTree = SDKROOT; };
		6C2538CA1900244F009E7386 /* OpenGLES.framework */ = {isa = PBXFileReference; lastKnownFileType = wrapper.framework; name = OpenGLES.framework; path = System/Library/Frameworks/OpenGLES.framework; sourceTree = SDKROOT; };
		6C2663B618F87E910004373D /* Ofertas.h */ = {isa = PBXFileReference; fileEncoding = 4; lastKnownFileType = sourcecode.c.h; path = Ofertas.h; sourceTree = "<group>"; };
		6C2663B718F87E910004373D /* Ofertas.m */ = {isa = PBXFileReference; fileEncoding = 4; lastKnownFileType = sourcecode.c.objc; path = Ofertas.m; sourceTree = "<group>"; };
		6C2663B918F881460004373D /* CoreLocation.framework */ = {isa = PBXFileReference; lastKnownFileType = wrapper.framework; name = CoreLocation.framework; path = System/Library/Frameworks/CoreLocation.framework; sourceTree = SDKROOT; };
		6C2663BF18F883C20004373D /* AudioToolbox.framework */ = {isa = PBXFileReference; lastKnownFileType = wrapper.framework; name = AudioToolbox.framework; path = System/Library/Frameworks/AudioToolbox.framework; sourceTree = SDKROOT; };
		6C2663C118F883D10004373D /* CFNetwork.framework */ = {isa = PBXFileReference; lastKnownFileType = wrapper.framework; name = CFNetwork.framework; path = System/Library/Frameworks/CFNetwork.framework; sourceTree = SDKROOT; };
		6C2663C318F884040004373D /* libz.dylib */ = {isa = PBXFileReference; lastKnownFileType = "compiled.mach-o.dylib"; name = libz.dylib; path = usr/lib/libz.dylib; sourceTree = SDKROOT; };
		6C2663C518F8840F0004373D /* MobileCoreServices.framework */ = {isa = PBXFileReference; lastKnownFileType = wrapper.framework; name = MobileCoreServices.framework; path = System/Library/Frameworks/MobileCoreServices.framework; sourceTree = SDKROOT; };
		6C2663C718F8841B0004373D /* QuartzCore.framework */ = {isa = PBXFileReference; lastKnownFileType = wrapper.framework; name = QuartzCore.framework; path = System/Library/Frameworks/QuartzCore.framework; sourceTree = SDKROOT; };
		6C2663C918F884270004373D /* Security.framework */ = {isa = PBXFileReference; lastKnownFileType = wrapper.framework; name = Security.framework; path = System/Library/Frameworks/Security.framework; sourceTree = SDKROOT; };
		6C2663CB18F884310004373D /* StoreKit.framework */ = {isa = PBXFileReference; lastKnownFileType = wrapper.framework; name = StoreKit.framework; path = System/Library/Frameworks/StoreKit.framework; sourceTree = SDKROOT; };
		6C2663CD18F8843E0004373D /* SystemConfiguration.framework */ = {isa = PBXFileReference; lastKnownFileType = wrapper.framework; name = SystemConfiguration.framework; path = System/Library/Frameworks/SystemConfiguration.framework; sourceTree = SDKROOT; };
		6C2663CF18F885090004373D /* HomeViewController.h */ = {isa = PBXFileReference; fileEncoding = 4; lastKnownFileType = sourcecode.c.h; path = HomeViewController.h; sourceTree = "<group>"; };
		6C2663D018F885090004373D /* HomeViewController.m */ = {isa = PBXFileReference; fileEncoding = 4; lastKnownFileType = sourcecode.c.objc; path = HomeViewController.m; sourceTree = "<group>"; };
		6C28B02D18F83F4C00B3EC49 /* CadastroViewController.h */ = {isa = PBXFileReference; fileEncoding = 4; lastKnownFileType = sourcecode.c.h; path = CadastroViewController.h; sourceTree = "<group>"; };
		6C28B02E18F83F4C00B3EC49 /* CadastroViewController.m */ = {isa = PBXFileReference; fileEncoding = 4; lastKnownFileType = sourcecode.c.objc; path = CadastroViewController.m; sourceTree = "<group>"; };
		6C28B03018F83FB000B3EC49 /* TelaInicialViewController.h */ = {isa = PBXFileReference; fileEncoding = 4; lastKnownFileType = sourcecode.c.h; path = TelaInicialViewController.h; sourceTree = "<group>"; };
		6C28B03118F83FB000B3EC49 /* TelaInicialViewController.m */ = {isa = PBXFileReference; fileEncoding = 4; lastKnownFileType = sourcecode.c.objc; path = TelaInicialViewController.m; sourceTree = "<group>"; };
		6C28B03318F8411300B3EC49 /* LoginViewController.h */ = {isa = PBXFileReference; fileEncoding = 4; lastKnownFileType = sourcecode.c.h; path = LoginViewController.h; sourceTree = "<group>"; };
		6C28B03418F8411300B3EC49 /* LoginViewController.m */ = {isa = PBXFileReference; fileEncoding = 4; lastKnownFileType = sourcecode.c.objc; path = LoginViewController.m; sourceTree = "<group>"; };
		6C3248BC18EDBF2A00F7FE8C /* tenhoDesconto.app */ = {isa = PBXFileReference; explicitFileType = wrapper.application; includeInIndex = 0; path = tenhoDesconto.app; sourceTree = BUILT_PRODUCTS_DIR; };
		6C3248BF18EDBF2A00F7FE8C /* Foundation.framework */ = {isa = PBXFileReference; lastKnownFileType = wrapper.framework; name = Foundation.framework; path = System/Library/Frameworks/Foundation.framework; sourceTree = SDKROOT; };
		6C3248C118EDBF2A00F7FE8C /* CoreGraphics.framework */ = {isa = PBXFileReference; lastKnownFileType = wrapper.framework; name = CoreGraphics.framework; path = System/Library/Frameworks/CoreGraphics.framework; sourceTree = SDKROOT; };
		6C3248C318EDBF2A00F7FE8C /* UIKit.framework */ = {isa = PBXFileReference; lastKnownFileType = wrapper.framework; name = UIKit.framework; path = System/Library/Frameworks/UIKit.framework; sourceTree = SDKROOT; };
		6C3248C718EDBF2A00F7FE8C /* tenhoDesconto-Info.plist */ = {isa = PBXFileReference; lastKnownFileType = text.plist.xml; path = "tenhoDesconto-Info.plist"; sourceTree = "<group>"; };
		6C3248C918EDBF2A00F7FE8C /* en */ = {isa = PBXFileReference; lastKnownFileType = text.plist.strings; name = en; path = en.lproj/InfoPlist.strings; sourceTree = "<group>"; };
		6C3248CB18EDBF2A00F7FE8C /* main.m */ = {isa = PBXFileReference; lastKnownFileType = sourcecode.c.objc; path = main.m; sourceTree = "<group>"; };
		6C3248CD18EDBF2A00F7FE8C /* tenhoDesconto-Prefix.pch */ = {isa = PBXFileReference; lastKnownFileType = sourcecode.c.h; path = "tenhoDesconto-Prefix.pch"; sourceTree = "<group>"; };
		6C3248CE18EDBF2A00F7FE8C /* AppDelegate.h */ = {isa = PBXFileReference; lastKnownFileType = sourcecode.c.h; path = AppDelegate.h; sourceTree = "<group>"; };
		6C3248CF18EDBF2A00F7FE8C /* AppDelegate.m */ = {isa = PBXFileReference; lastKnownFileType = sourcecode.c.objc; path = AppDelegate.m; sourceTree = "<group>"; };
		6C3248D218EDBF2A00F7FE8C /* Base */ = {isa = PBXFileReference; lastKnownFileType = file.storyboard; name = Base; path = Base.lproj/Main_iPhone.storyboard; sourceTree = "<group>"; };
		6C3248D518EDBF2A00F7FE8C /* Base */ = {isa = PBXFileReference; lastKnownFileType = file.storyboard; name = Base; path = Base.lproj/Main_iPad.storyboard; sourceTree = "<group>"; };
		6C3248DA18EDBF2A00F7FE8C /* Images.xcassets */ = {isa = PBXFileReference; lastKnownFileType = folder.assetcatalog; path = Images.xcassets; sourceTree = "<group>"; };
		6C3248E018EDBF2A00F7FE8C /* tenhoDescontoTests.xctest */ = {isa = PBXFileReference; explicitFileType = wrapper.cfbundle; includeInIndex = 0; path = tenhoDescontoTests.xctest; sourceTree = BUILT_PRODUCTS_DIR; };
		6C3248E118EDBF2A00F7FE8C /* XCTest.framework */ = {isa = PBXFileReference; lastKnownFileType = wrapper.framework; name = XCTest.framework; path = Library/Frameworks/XCTest.framework; sourceTree = DEVELOPER_DIR; };
		6C3248E918EDBF2A00F7FE8C /* tenhoDescontoTests-Info.plist */ = {isa = PBXFileReference; lastKnownFileType = text.plist.xml; path = "tenhoDescontoTests-Info.plist"; sourceTree = "<group>"; };
		6C3248EB18EDBF2A00F7FE8C /* en */ = {isa = PBXFileReference; lastKnownFileType = text.plist.strings; name = en; path = en.lproj/InfoPlist.strings; sourceTree = "<group>"; };
		6C3248ED18EDBF2A00F7FE8C /* tenhoDescontoTests.m */ = {isa = PBXFileReference; lastKnownFileType = sourcecode.c.objc; path = tenhoDescontoTests.m; sourceTree = "<group>"; };
		6C37BD1918F736010096D8E3 /* Users.h */ = {isa = PBXFileReference; fileEncoding = 4; lastKnownFileType = sourcecode.c.h; path = Users.h; sourceTree = "<group>"; };
		6C37BD1A18F736010096D8E3 /* Users.m */ = {isa = PBXFileReference; fileEncoding = 4; lastKnownFileType = sourcecode.c.objc; path = Users.m; sourceTree = "<group>"; };
		6C54CA541A1EA422002671B3 /* DealsListViewController.h */ = {isa = PBXFileReference; fileEncoding = 4; lastKnownFileType = sourcecode.c.h; path = DealsListViewController.h; sourceTree = "<group>"; };
		6C54CA551A1EA422002671B3 /* DealsListViewController.m */ = {isa = PBXFileReference; fileEncoding = 4; lastKnownFileType = sourcecode.c.objc; path = DealsListViewController.m; sourceTree = "<group>"; };
		6C702AF819017A03000FB43A /* GoogleMaps.framework */ = {isa = PBXFileReference; lastKnownFileType = wrapper.framework; name = GoogleMaps.framework; path = "GoogleMaps-iOS-1.7.2/GoogleMaps.framework"; sourceTree = "<group>"; };
		6C702AFB19018E5C000FB43A /* libc++abi.dylib */ = {isa = PBXFileReference; lastKnownFileType = "compiled.mach-o.dylib"; name = "libc++abi.dylib"; path = "usr/lib/libc++abi.dylib"; sourceTree = SDKROOT; };
		6C702AFD19018F66000FB43A /* MapKit.framework */ = {isa = PBXFileReference; lastKnownFileType = wrapper.framework; name = MapKit.framework; path = System/Library/Frameworks/MapKit.framework; sourceTree = SDKROOT; };
		6C79EEDA18F44A3A00C8DA24 /* Cartoes.h */ = {isa = PBXFileReference; fileEncoding = 4; lastKnownFileType = sourcecode.c.h; path = Cartoes.h; sourceTree = "<group>"; };
		6C79EEDB18F44A3A00C8DA24 /* Cartoes.m */ = {isa = PBXFileReference; fileEncoding = 4; lastKnownFileType = sourcecode.c.objc; path = Cartoes.m; sourceTree = "<group>"; };
		6C79EEDD18F44A7300C8DA24 /* CartoesTableViewController.h */ = {isa = PBXFileReference; fileEncoding = 4; lastKnownFileType = sourcecode.c.h; path = CartoesTableViewController.h; sourceTree = "<group>"; };
		6C79EEDE18F44A7300C8DA24 /* CartoesTableViewController.m */ = {isa = PBXFileReference; fileEncoding = 4; lastKnownFileType = sourcecode.c.objc; path = CartoesTableViewController.m; sourceTree = "<group>"; };
		6C7FA0EF1A154DF600E8E298 /* CategoryViewController.h */ = {isa = PBXFileReference; fileEncoding = 4; lastKnownFileType = sourcecode.c.h; path = CategoryViewController.h; sourceTree = "<group>"; };
		6C7FA0F01A154DF600E8E298 /* CategoryViewController.m */ = {isa = PBXFileReference; fileEncoding = 4; lastKnownFileType = sourcecode.c.objc; path = CategoryViewController.m; sourceTree = "<group>"; };
		6CA6030119DF7F3100A09EAC /* Parse.framework */ = {isa = PBXFileReference; lastKnownFileType = wrapper.framework; name = Parse.framework; path = "parse-library-1/Parse.framework"; sourceTree = "<group>"; };
		6CA6030319DF7F4100A09EAC /* Bolts.framework */ = {isa = PBXFileReference; lastKnownFileType = wrapper.framework; name = Bolts.framework; path = "parse-library-1/Bolts.framework"; sourceTree = "<group>"; };
		6CF14D441A12A88200F2A4BD /* OfferViewController.h */ = {isa = PBXFileReference; fileEncoding = 4; lastKnownFileType = sourcecode.c.h; path = OfferViewController.h; sourceTree = "<group>"; };
		6CF14D451A12A88200F2A4BD /* OfferViewController.m */ = {isa = PBXFileReference; fileEncoding = 4; lastKnownFileType = sourcecode.c.objc; path = OfferViewController.m; sourceTree = "<group>"; };
/* End PBXFileReference section */

/* Begin PBXFrameworksBuildPhase section */
		6C3248B918EDBF2A00F7FE8C /* Frameworks */ = {
			isa = PBXFrameworksBuildPhase;
			buildActionMask = 2147483647;
			files = (
				6C702AFE19018F66000FB43A /* MapKit.framework in Frameworks */,
				6C2538BD190023E0009E7386 /* AVFoundation.framework in Frameworks */,
				6C2663C018F883C20004373D /* AudioToolbox.framework in Frameworks */,
				6C2663C218F883D10004373D /* CFNetwork.framework in Frameworks */,
				6C2538BF190023EA009E7386 /* CoreData.framework in Frameworks */,
				6C3248C218EDBF2A00F7FE8C /* CoreGraphics.framework in Frameworks */,
				6C2663BA18F881460004373D /* CoreLocation.framework in Frameworks */,
				6C2538C119002400009E7386 /* CoreText.framework in Frameworks */,
				6C3248C018EDBF2A00F7FE8C /* Foundation.framework in Frameworks */,
				6C2538C31900240C009E7386 /* GLKit.framework in Frameworks */,
				6C702AF919017A03000FB43A /* GoogleMaps.framework in Frameworks */,
				6C2538C51900241B009E7386 /* ImageIO.framework in Frameworks */,
				6C702AFA19018E2B000FB43A /* libc++.dylib in Frameworks */,
				6C2538C91900243D009E7386 /* libicucore.dylib in Frameworks */,
				6C2663C418F884040004373D /* libz.dylib in Frameworks */,
				6CA6030419DF7F4100A09EAC /* Bolts.framework in Frameworks */,
				6C2663C618F8840F0004373D /* MobileCoreServices.framework in Frameworks */,
				6CA6030219DF7F3100A09EAC /* Parse.framework in Frameworks */,
				6C2538CB1900244F009E7386 /* OpenGLES.framework in Frameworks */,
				6C2663C818F8841B0004373D /* QuartzCore.framework in Frameworks */,
				6C2663CA18F884270004373D /* Security.framework in Frameworks */,
				6C2663CC18F884310004373D /* StoreKit.framework in Frameworks */,
				6C2663CE18F8843E0004373D /* SystemConfiguration.framework in Frameworks */,
				6C3248C418EDBF2A00F7FE8C /* UIKit.framework in Frameworks */,
			);
			runOnlyForDeploymentPostprocessing = 0;
		};
		6C3248DD18EDBF2A00F7FE8C /* Frameworks */ = {
			isa = PBXFrameworksBuildPhase;
			buildActionMask = 2147483647;
			files = (
				6C3248E218EDBF2A00F7FE8C /* XCTest.framework in Frameworks */,
				6C3248E418EDBF2A00F7FE8C /* UIKit.framework in Frameworks */,
				6C3248E318EDBF2A00F7FE8C /* Foundation.framework in Frameworks */,
			);
			runOnlyForDeploymentPostprocessing = 0;
		};
/* End PBXFrameworksBuildPhase section */

/* Begin PBXGroup section */
		6C3248B318EDBF2A00F7FE8C = {
			isa = PBXGroup;
			children = (
				6C3248C518EDBF2A00F7FE8C /* tenhoDesconto */,
				6C3248E718EDBF2A00F7FE8C /* tenhoDescontoTests */,
				6C3248BE18EDBF2A00F7FE8C /* Frameworks */,
				6C3248BD18EDBF2A00F7FE8C /* Products */,
			);
			sourceTree = "<group>";
		};
		6C3248BD18EDBF2A00F7FE8C /* Products */ = {
			isa = PBXGroup;
			children = (
				6C3248BC18EDBF2A00F7FE8C /* tenhoDesconto.app */,
				6C3248E018EDBF2A00F7FE8C /* tenhoDescontoTests.xctest */,
			);
			name = Products;
			sourceTree = "<group>";
		};
		6C3248BE18EDBF2A00F7FE8C /* Frameworks */ = {
			isa = PBXGroup;
			children = (
				6CA6030319DF7F4100A09EAC /* Bolts.framework */,
				6CA6030119DF7F3100A09EAC /* Parse.framework */,
				6C1EA05B19055E2900A82530 /* GoogleMaps.bundle */,
				6C702AFD19018F66000FB43A /* MapKit.framework */,
				6C702AFB19018E5C000FB43A /* libc++abi.dylib */,
				6C702AF819017A03000FB43A /* GoogleMaps.framework */,
				6C2538CA1900244F009E7386 /* OpenGLES.framework */,
				6C2538C81900243D009E7386 /* libicucore.dylib */,
				6C2538C61900242E009E7386 /* libc++.dylib */,
				6C2538C41900241B009E7386 /* ImageIO.framework */,
				6C2538C21900240C009E7386 /* GLKit.framework */,
				6C2538C019002400009E7386 /* CoreText.framework */,
				6C2538BE190023E9009E7386 /* CoreData.framework */,
				6C2538BC190023E0009E7386 /* AVFoundation.framework */,
				6C2538B819002326009E7386 /* GoogleMaps.framework */,
				6C2663CD18F8843E0004373D /* SystemConfiguration.framework */,
				6C2663CB18F884310004373D /* StoreKit.framework */,
				6C2663C918F884270004373D /* Security.framework */,
				6C2663C718F8841B0004373D /* QuartzCore.framework */,
				6C2663C518F8840F0004373D /* MobileCoreServices.framework */,
				6C2663C318F884040004373D /* libz.dylib */,
				6C2663C118F883D10004373D /* CFNetwork.framework */,
				6C2663BF18F883C20004373D /* AudioToolbox.framework */,
				6C2663B918F881460004373D /* CoreLocation.framework */,
				6C3248BF18EDBF2A00F7FE8C /* Foundation.framework */,
				6C3248C118EDBF2A00F7FE8C /* CoreGraphics.framework */,
				6C3248C318EDBF2A00F7FE8C /* UIKit.framework */,
				6C3248E118EDBF2A00F7FE8C /* XCTest.framework */,
			);
			name = Frameworks;
			sourceTree = "<group>";
		};
		6C3248C518EDBF2A00F7FE8C /* tenhoDesconto */ = {
			isa = PBXGroup;
			children = (
				6C3248CE18EDBF2A00F7FE8C /* AppDelegate.h */,
				6C3248CF18EDBF2A00F7FE8C /* AppDelegate.m */,
				6C79EEE018F44D5100C8DA24 /* Model */,
				6C79EEE118F44D5F00C8DA24 /* View */,
				6C79EEE218F44D7D00C8DA24 /* ViewController */,
				6C3248DA18EDBF2A00F7FE8C /* Images.xcassets */,
				6C3248C618EDBF2A00F7FE8C /* Supporting Files */,
			);
			path = tenhoDesconto;
			sourceTree = "<group>";
		};
		6C3248C618EDBF2A00F7FE8C /* Supporting Files */ = {
			isa = PBXGroup;
			children = (
				6C3248C718EDBF2A00F7FE8C /* tenhoDesconto-Info.plist */,
				6C3248C818EDBF2A00F7FE8C /* InfoPlist.strings */,
				6C3248CB18EDBF2A00F7FE8C /* main.m */,
				6C3248CD18EDBF2A00F7FE8C /* tenhoDesconto-Prefix.pch */,
			);
			name = "Supporting Files";
			sourceTree = "<group>";
		};
		6C3248E718EDBF2A00F7FE8C /* tenhoDescontoTests */ = {
			isa = PBXGroup;
			children = (
				6C3248ED18EDBF2A00F7FE8C /* tenhoDescontoTests.m */,
				6C3248E818EDBF2A00F7FE8C /* Supporting Files */,
			);
			path = tenhoDescontoTests;
			sourceTree = "<group>";
		};
		6C3248E818EDBF2A00F7FE8C /* Supporting Files */ = {
			isa = PBXGroup;
			children = (
				6C3248E918EDBF2A00F7FE8C /* tenhoDescontoTests-Info.plist */,
				6C3248EA18EDBF2A00F7FE8C /* InfoPlist.strings */,
			);
			name = "Supporting Files";
			sourceTree = "<group>";
		};
		6C79EEE018F44D5100C8DA24 /* Model */ = {
			isa = PBXGroup;
			children = (
				6C79EEDA18F44A3A00C8DA24 /* Cartoes.h */,
				6C79EEDB18F44A3A00C8DA24 /* Cartoes.m */,
				6C37BD1918F736010096D8E3 /* Users.h */,
				6C37BD1A18F736010096D8E3 /* Users.m */,
				6C2663B618F87E910004373D /* Ofertas.h */,
				6C2663B718F87E910004373D /* Ofertas.m */,
			);
			name = Model;
			sourceTree = "<group>";
		};
		6C79EEE118F44D5F00C8DA24 /* View */ = {
			isa = PBXGroup;
			children = (
				6C3248D118EDBF2A00F7FE8C /* Main_iPhone.storyboard */,
				6C3248D418EDBF2A00F7FE8C /* Main_iPad.storyboard */,
			);
			name = View;
			sourceTree = "<group>";
		};
		6C79EEE218F44D7D00C8DA24 /* ViewController */ = {
			isa = PBXGroup;
			children = (
				6C79EEDD18F44A7300C8DA24 /* CartoesTableViewController.h */,
				6C79EEDE18F44A7300C8DA24 /* CartoesTableViewController.m */,
				6C28B02D18F83F4C00B3EC49 /* CadastroViewController.h */,
				6C28B02E18F83F4C00B3EC49 /* CadastroViewController.m */,
				6C28B03018F83FB000B3EC49 /* TelaInicialViewController.h */,
				6C28B03118F83FB000B3EC49 /* TelaInicialViewController.m */,
				6C28B03318F8411300B3EC49 /* LoginViewController.h */,
				6C28B03418F8411300B3EC49 /* LoginViewController.m */,
				6C2663CF18F885090004373D /* HomeViewController.h */,
				6C2663D018F885090004373D /* HomeViewController.m */,
				6C1C9A8818FD874C000A80FB /* MyAccountViewController.h */,
				6C1C9A8918FD874C000A80FB /* MyAccountViewController.m */,
				6C22B13C190716740094F4A1 /* MapViewController.h */,
				6C22B13D190716740094F4A1 /* MapViewController.m */,
				6C7FA0EF1A154DF600E8E298 /* CategoryViewController.h */,
				6C7FA0F01A154DF600E8E298 /* CategoryViewController.m */,
				6C54CA541A1EA422002671B3 /* DealsListViewController.h */,
				6C54CA551A1EA422002671B3 /* DealsListViewController.m */,
				6CF14D441A12A88200F2A4BD /* OfferViewController.h */,
				6CF14D451A12A88200F2A4BD /* OfferViewController.m */,
			);
			name = ViewController;
			sourceTree = "<group>";
		};
/* End PBXGroup section */

/* Begin PBXNativeTarget section */
		6C3248BB18EDBF2A00F7FE8C /* tenhoDesconto */ = {
			isa = PBXNativeTarget;
			buildConfigurationList = 6C3248F118EDBF2A00F7FE8C /* Build configuration list for PBXNativeTarget "tenhoDesconto" */;
			buildPhases = (
				6C3248B818EDBF2A00F7FE8C /* Sources */,
				6C3248B918EDBF2A00F7FE8C /* Frameworks */,
				6C3248BA18EDBF2A00F7FE8C /* Resources */,
			);
			buildRules = (
			);
			dependencies = (
			);
			name = tenhoDesconto;
			productName = tenhoDesconto;
			productReference = 6C3248BC18EDBF2A00F7FE8C /* tenhoDesconto.app */;
			productType = "com.apple.product-type.application";
		};
		6C3248DF18EDBF2A00F7FE8C /* tenhoDescontoTests */ = {
			isa = PBXNativeTarget;
			buildConfigurationList = 6C3248F418EDBF2A00F7FE8C /* Build configuration list for PBXNativeTarget "tenhoDescontoTests" */;
			buildPhases = (
				6C3248DC18EDBF2A00F7FE8C /* Sources */,
				6C3248DD18EDBF2A00F7FE8C /* Frameworks */,
				6C3248DE18EDBF2A00F7FE8C /* Resources */,
			);
			buildRules = (
			);
			dependencies = (
				6C3248E618EDBF2A00F7FE8C /* PBXTargetDependency */,
			);
			name = tenhoDescontoTests;
			productName = tenhoDescontoTests;
			productReference = 6C3248E018EDBF2A00F7FE8C /* tenhoDescontoTests.xctest */;
			productType = "com.apple.product-type.bundle.unit-test";
		};
/* End PBXNativeTarget section */

/* Begin PBXProject section */
		6C3248B418EDBF2A00F7FE8C /* Project object */ = {
			isa = PBXProject;
			attributes = {
				LastUpgradeCheck = 0510;
				ORGANIZATIONNAME = tenhoDesconto;
				TargetAttributes = {
					6C3248BB18EDBF2A00F7FE8C = {
						DevelopmentTeam = F4V48FFS39;
					};
					6C3248DF18EDBF2A00F7FE8C = {
						TestTargetID = 6C3248BB18EDBF2A00F7FE8C;
					};
				};
			};
			buildConfigurationList = 6C3248B718EDBF2A00F7FE8C /* Build configuration list for PBXProject "tenhoDesconto" */;
			compatibilityVersion = "Xcode 3.2";
			developmentRegion = English;
			hasScannedForEncodings = 0;
			knownRegions = (
				en,
				Base,
			);
			mainGroup = 6C3248B318EDBF2A00F7FE8C;
			productRefGroup = 6C3248BD18EDBF2A00F7FE8C /* Products */;
			projectDirPath = "";
			projectRoot = "";
			targets = (
				6C3248BB18EDBF2A00F7FE8C /* tenhoDesconto */,
				6C3248DF18EDBF2A00F7FE8C /* tenhoDescontoTests */,
			);
		};
/* End PBXProject section */

/* Begin PBXResourcesBuildPhase section */
		6C3248BA18EDBF2A00F7FE8C /* Resources */ = {
			isa = PBXResourcesBuildPhase;
			buildActionMask = 2147483647;
			files = (
				6C3248D618EDBF2A00F7FE8C /* Main_iPad.storyboard in Resources */,
				6C3248DB18EDBF2A00F7FE8C /* Images.xcassets in Resources */,
				6C3248D318EDBF2A00F7FE8C /* Main_iPhone.storyboard in Resources */,
				6C3248CA18EDBF2A00F7FE8C /* InfoPlist.strings in Resources */,
				6C1EA05C19055E2900A82530 /* GoogleMaps.bundle in Resources */,
			);
			runOnlyForDeploymentPostprocessing = 0;
		};
		6C3248DE18EDBF2A00F7FE8C /* Resources */ = {
			isa = PBXResourcesBuildPhase;
			buildActionMask = 2147483647;
			files = (
				6C3248EC18EDBF2A00F7FE8C /* InfoPlist.strings in Resources */,
			);
			runOnlyForDeploymentPostprocessing = 0;
		};
/* End PBXResourcesBuildPhase section */

/* Begin PBXSourcesBuildPhase section */
		6C3248B818EDBF2A00F7FE8C /* Sources */ = {
			isa = PBXSourcesBuildPhase;
			buildActionMask = 2147483647;
			files = (
				6C28B03518F8411300B3EC49 /* LoginViewController.m in Sources */,
				6C3248D018EDBF2A00F7FE8C /* AppDelegate.m in Sources */,
				6C28B02F18F83F4C00B3EC49 /* CadastroViewController.m in Sources */,
				6C22B13E190716740094F4A1 /* MapViewController.m in Sources */,
				6C54CA561A1EA422002671B3 /* DealsListViewController.m in Sources */,
				6C7FA0F11A154DF600E8E298 /* CategoryViewController.m in Sources */,
				6C2663D118F885090004373D /* HomeViewController.m in Sources */,
				6C37BD1B18F736010096D8E3 /* Users.m in Sources */,
				6C3248CC18EDBF2A00F7FE8C /* main.m in Sources */,
				6C2663B818F87E910004373D /* Ofertas.m in Sources */,
				6C1C9A8A18FD874C000A80FB /* MyAccountViewController.m in Sources */,
				6CF14D461A12A88200F2A4BD /* OfferViewController.m in Sources */,
				6C28B03218F83FB000B3EC49 /* TelaInicialViewController.m in Sources */,
				6C79EEDC18F44A3A00C8DA24 /* Cartoes.m in Sources */,
				6C79EEDF18F44A7300C8DA24 /* CartoesTableViewController.m in Sources */,
			);
			runOnlyForDeploymentPostprocessing = 0;
		};
		6C3248DC18EDBF2A00F7FE8C /* Sources */ = {
			isa = PBXSourcesBuildPhase;
			buildActionMask = 2147483647;
			files = (
				6C3248EE18EDBF2A00F7FE8C /* tenhoDescontoTests.m in Sources */,
			);
			runOnlyForDeploymentPostprocessing = 0;
		};
/* End PBXSourcesBuildPhase section */

/* Begin PBXTargetDependency section */
		6C3248E618EDBF2A00F7FE8C /* PBXTargetDependency */ = {
			isa = PBXTargetDependency;
			target = 6C3248BB18EDBF2A00F7FE8C /* tenhoDesconto */;
			targetProxy = 6C3248E518EDBF2A00F7FE8C /* PBXContainerItemProxy */;
		};
/* End PBXTargetDependency section */

/* Begin PBXVariantGroup section */
		6C3248C818EDBF2A00F7FE8C /* InfoPlist.strings */ = {
			isa = PBXVariantGroup;
			children = (
				6C3248C918EDBF2A00F7FE8C /* en */,
			);
			name = InfoPlist.strings;
			sourceTree = "<group>";
		};
		6C3248D118EDBF2A00F7FE8C /* Main_iPhone.storyboard */ = {
			isa = PBXVariantGroup;
			children = (
				6C3248D218EDBF2A00F7FE8C /* Base */,
			);
			name = Main_iPhone.storyboard;
			sourceTree = "<group>";
		};
		6C3248D418EDBF2A00F7FE8C /* Main_iPad.storyboard */ = {
			isa = PBXVariantGroup;
			children = (
				6C3248D518EDBF2A00F7FE8C /* Base */,
			);
			name = Main_iPad.storyboard;
			sourceTree = "<group>";
		};
		6C3248EA18EDBF2A00F7FE8C /* InfoPlist.strings */ = {
			isa = PBXVariantGroup;
			children = (
				6C3248EB18EDBF2A00F7FE8C /* en */,
			);
			name = InfoPlist.strings;
			sourceTree = "<group>";
		};
/* End PBXVariantGroup section */

/* Begin XCBuildConfiguration section */
		6C3248EF18EDBF2A00F7FE8C /* Debug */ = {
			isa = XCBuildConfiguration;
			buildSettings = {
				ALWAYS_SEARCH_USER_PATHS = NO;
				CLANG_CXX_LANGUAGE_STANDARD = "gnu++0x";
				CLANG_CXX_LIBRARY = "libc++";
				CLANG_ENABLE_MODULES = YES;
				CLANG_ENABLE_OBJC_ARC = YES;
				CLANG_WARN_BOOL_CONVERSION = YES;
				CLANG_WARN_CONSTANT_CONVERSION = YES;
				CLANG_WARN_DIRECT_OBJC_ISA_USAGE = YES_ERROR;
				CLANG_WARN_EMPTY_BODY = YES;
				CLANG_WARN_ENUM_CONVERSION = YES;
				CLANG_WARN_INT_CONVERSION = YES;
				CLANG_WARN_OBJC_ROOT_CLASS = YES_ERROR;
				CLANG_WARN__DUPLICATE_METHOD_MATCH = YES;
				"CODE_SIGN_IDENTITY[sdk=iphoneos*]" = "iPhone Developer";
				COPY_PHASE_STRIP = NO;
				GCC_C_LANGUAGE_STANDARD = gnu99;
				GCC_DYNAMIC_NO_PIC = NO;
				GCC_OPTIMIZATION_LEVEL = 0;
				GCC_PREPROCESSOR_DEFINITIONS = (
					"DEBUG=1",
					"$(inherited)",
				);
				GCC_SYMBOLS_PRIVATE_EXTERN = NO;
				GCC_WARN_64_TO_32_BIT_CONVERSION = YES;
				GCC_WARN_ABOUT_RETURN_TYPE = YES_ERROR;
				GCC_WARN_UNDECLARED_SELECTOR = YES;
				GCC_WARN_UNINITIALIZED_AUTOS = YES_AGGRESSIVE;
				GCC_WARN_UNUSED_FUNCTION = YES;
				GCC_WARN_UNUSED_VARIABLE = YES;
				IPHONEOS_DEPLOYMENT_TARGET = 7.1;
				ONLY_ACTIVE_ARCH = YES;
				OTHER_LDFLAGS = "";
				SDKROOT = iphoneos;
				TARGETED_DEVICE_FAMILY = "1,2";
			};
			name = Debug;
		};
		6C3248F018EDBF2A00F7FE8C /* Release */ = {
			isa = XCBuildConfiguration;
			buildSettings = {
				ALWAYS_SEARCH_USER_PATHS = NO;
				CLANG_CXX_LANGUAGE_STANDARD = "gnu++0x";
				CLANG_CXX_LIBRARY = "libc++";
				CLANG_ENABLE_MODULES = YES;
				CLANG_ENABLE_OBJC_ARC = YES;
				CLANG_WARN_BOOL_CONVERSION = YES;
				CLANG_WARN_CONSTANT_CONVERSION = YES;
				CLANG_WARN_DIRECT_OBJC_ISA_USAGE = YES_ERROR;
				CLANG_WARN_EMPTY_BODY = YES;
				CLANG_WARN_ENUM_CONVERSION = YES;
				CLANG_WARN_INT_CONVERSION = YES;
				CLANG_WARN_OBJC_ROOT_CLASS = YES_ERROR;
				CLANG_WARN__DUPLICATE_METHOD_MATCH = YES;
				"CODE_SIGN_IDENTITY[sdk=iphoneos*]" = "iPhone Developer";
				COPY_PHASE_STRIP = YES;
				ENABLE_NS_ASSERTIONS = NO;
				GCC_C_LANGUAGE_STANDARD = gnu99;
				GCC_WARN_64_TO_32_BIT_CONVERSION = YES;
				GCC_WARN_ABOUT_RETURN_TYPE = YES_ERROR;
				GCC_WARN_UNDECLARED_SELECTOR = YES;
				GCC_WARN_UNINITIALIZED_AUTOS = YES_AGGRESSIVE;
				GCC_WARN_UNUSED_FUNCTION = YES;
				GCC_WARN_UNUSED_VARIABLE = YES;
				IPHONEOS_DEPLOYMENT_TARGET = 7.1;
				OTHER_LDFLAGS = "";
				SDKROOT = iphoneos;
				TARGETED_DEVICE_FAMILY = "1,2";
				VALIDATE_PRODUCT = YES;
			};
			name = Release;
		};
		6C3248F218EDBF2A00F7FE8C /* Debug */ = {
			isa = XCBuildConfiguration;
			buildSettings = {
				ASSETCATALOG_COMPILER_APPICON_NAME = AppIcon;
				ASSETCATALOG_COMPILER_LAUNCHIMAGE_NAME = LaunchImage;
				CODE_SIGN_IDENTITY = "iPhone Developer";
				"CODE_SIGN_IDENTITY[sdk=iphoneos*]" = "iPhone Developer";
				FRAMEWORK_SEARCH_PATHS = (
					"$(inherited)",
					"$(PROJECT_DIR)",
					"$(PROJECT_DIR)/GoogleMaps-iOS-1.7.2",
					"$(PROJECT_DIR)/parse-library-1",
				);
				GCC_PRECOMPILE_PREFIX_HEADER = YES;
				GCC_PREFIX_HEADER = "tenhoDesconto/tenhoDesconto-Prefix.pch";
				INFOPLIST_FILE = "tenhoDesconto/tenhoDesconto-Info.plist";
				OTHER_LDFLAGS = (
					"-force_load",
					"$(PROJECT_DIR)/GoogleMaps-iOS-1.7.2/GoogleMaps.framework/GoogleMaps",
				);
				PRODUCT_NAME = "$(TARGET_NAME)";
				PROVISIONING_PROFILE = "";
				WRAPPER_EXTENSION = app;
			};
			name = Debug;
		};
		6C3248F318EDBF2A00F7FE8C /* Release */ = {
			isa = XCBuildConfiguration;
			buildSettings = {
				ASSETCATALOG_COMPILER_APPICON_NAME = AppIcon;
				ASSETCATALOG_COMPILER_LAUNCHIMAGE_NAME = LaunchImage;
				CODE_SIGN_IDENTITY = "iPhone Developer";
				"CODE_SIGN_IDENTITY[sdk=iphoneos*]" = "iPhone Developer";
				FRAMEWORK_SEARCH_PATHS = (
					"$(inherited)",
					"$(PROJECT_DIR)",
					"$(PROJECT_DIR)/GoogleMaps-iOS-1.7.2",
					"$(PROJECT_DIR)/parse-library-1",
				);
				GCC_PRECOMPILE_PREFIX_HEADER = YES;
				GCC_PREFIX_HEADER = "tenhoDesconto/tenhoDesconto-Prefix.pch";
				INFOPLIST_FILE = "tenhoDesconto/tenhoDesconto-Info.plist";
				OTHER_LDFLAGS = (
					"-force_load",
					"$(PROJECT_DIR)/GoogleMaps-iOS-1.7.2/GoogleMaps.framework/GoogleMaps",
				);
				PRODUCT_NAME = "$(TARGET_NAME)";
				PROVISIONING_PROFILE = "";
				WRAPPER_EXTENSION = app;
			};
			name = Release;
		};
		6C3248F518EDBF2A00F7FE8C /* Debug */ = {
			isa = XCBuildConfiguration;
			buildSettings = {
				BUNDLE_LOADER = "$(BUILT_PRODUCTS_DIR)/tenhoDesconto.app/tenhoDesconto";
				FRAMEWORK_SEARCH_PATHS = (
					"$(SDKROOT)/Developer/Library/Frameworks",
					"$(inherited)",
					"$(DEVELOPER_FRAMEWORKS_DIR)",
				);
				GCC_PRECOMPILE_PREFIX_HEADER = YES;
				GCC_PREFIX_HEADER = "tenhoDesconto/tenhoDesconto-Prefix.pch";
				GCC_PREPROCESSOR_DEFINITIONS = (
					"DEBUG=1",
					"$(inherited)",
				);
				INFOPLIST_FILE = "tenhoDescontoTests/tenhoDescontoTests-Info.plist";
				PRODUCT_NAME = "$(TARGET_NAME)";
				TEST_HOST = "$(BUNDLE_LOADER)";
				WRAPPER_EXTENSION = xctest;
			};
			name = Debug;
		};
		6C3248F618EDBF2A00F7FE8C /* Release */ = {
			isa = XCBuildConfiguration;
			buildSettings = {
				BUNDLE_LOADER = "$(BUILT_PRODUCTS_DIR)/tenhoDesconto.app/tenhoDesconto";
				FRAMEWORK_SEARCH_PATHS = (
					"$(SDKROOT)/Developer/Library/Frameworks",
					"$(inherited)",
					"$(DEVELOPER_FRAMEWORKS_DIR)",
				);
				GCC_PRECOMPILE_PREFIX_HEADER = YES;
				GCC_PREFIX_HEADER = "tenhoDesconto/tenhoDesconto-Prefix.pch";
				INFOPLIST_FILE = "tenhoDescontoTests/tenhoDescontoTests-Info.plist";
				PRODUCT_NAME = "$(TARGET_NAME)";
				TEST_HOST = "$(BUNDLE_LOADER)";
				WRAPPER_EXTENSION = xctest;
			};
			name = Release;
		};
/* End XCBuildConfiguration section */

/* Begin XCConfigurationList section */
		6C3248B718EDBF2A00F7FE8C /* Build configuration list for PBXProject "tenhoDesconto" */ = {
			isa = XCConfigurationList;
			buildConfigurations = (
				6C3248EF18EDBF2A00F7FE8C /* Debug */,
				6C3248F018EDBF2A00F7FE8C /* Release */,
			);
			defaultConfigurationIsVisible = 0;
			defaultConfigurationName = Release;
		};
		6C3248F118EDBF2A00F7FE8C /* Build configuration list for PBXNativeTarget "tenhoDesconto" */ = {
			isa = XCConfigurationList;
			buildConfigurations = (
				6C3248F218EDBF2A00F7FE8C /* Debug */,
				6C3248F318EDBF2A00F7FE8C /* Release */,
			);
			defaultConfigurationIsVisible = 0;
			defaultConfigurationName = Release;
		};
		6C3248F418EDBF2A00F7FE8C /* Build configuration list for PBXNativeTarget "tenhoDescontoTests" */ = {
			isa = XCConfigurationList;
			buildConfigurations = (
				6C3248F518EDBF2A00F7FE8C /* Debug */,
				6C3248F618EDBF2A00F7FE8C /* Release */,
			);
			defaultConfigurationIsVisible = 0;
			defaultConfigurationName = Release;
		};
/* End XCConfigurationList section */
	};
	rootObject = 6C3248B418EDBF2A00F7FE8C /* Project object */;
}
